// !$*UTF8*$!
{
	archiveVersion = 1;
	classes = {
	};
	objectVersion = 50;
	objects = {

/* Begin PBXBuildFile section */
		0199F96F25E383E5007BBA91 /* NetworkTests.swift in Sources */ = {isa = PBXBuildFile; fileRef = 0199F96E25E383E5007BBA91 /* NetworkTests.swift */; };
		7B2B091C25C8E49400B01C31 /* Requests.swift in Sources */ = {isa = PBXBuildFile; fileRef = 7B2B091B25C8E49400B01C31 /* Requests.swift */; };
		7B2B092025C8E92700B01C31 /* RequestsTests.swift in Sources */ = {isa = PBXBuildFile; fileRef = 7B2B091F25C8E92700B01C31 /* RequestsTests.swift */; };
		7B4C790325D6A74A0078D01C /* Network.swift in Sources */ = {isa = PBXBuildFile; fileRef = 7B4C790225D6A74A0078D01C /* Network.swift */; };
		7B4C790725D6A7D10078D01C /* NetworkQueue.swift in Sources */ = {isa = PBXBuildFile; fileRef = 7B4C790625D6A7D10078D01C /* NetworkQueue.swift */; };
		7BA665C525C6D9D1007E3533 /* AppDelegate.swift in Sources */ = {isa = PBXBuildFile; fileRef = 7BA665C425C6D9D1007E3533 /* AppDelegate.swift */; };
		7BA665C725C6D9D1007E3533 /* SceneDelegate.swift in Sources */ = {isa = PBXBuildFile; fileRef = 7BA665C625C6D9D1007E3533 /* SceneDelegate.swift */; };
		7BA665C925C6D9D1007E3533 /* ViewController.swift in Sources */ = {isa = PBXBuildFile; fileRef = 7BA665C825C6D9D1007E3533 /* ViewController.swift */; };
		7BA665CC25C6D9D1007E3533 /* Main.storyboard in Resources */ = {isa = PBXBuildFile; fileRef = 7BA665CA25C6D9D1007E3533 /* Main.storyboard */; };
		7BA665CE25C6D9D1007E3533 /* Assets.xcassets in Resources */ = {isa = PBXBuildFile; fileRef = 7BA665CD25C6D9D1007E3533 /* Assets.xcassets */; };
		7BA665D125C6D9D1007E3533 /* LaunchScreen.storyboard in Resources */ = {isa = PBXBuildFile; fileRef = 7BA665CF25C6D9D1007E3533 /* LaunchScreen.storyboard */; };
		7BA665FA25C6DBFE007E3533 /* Request.swift in Sources */ = {isa = PBXBuildFile; fileRef = 7BA665F925C6DBFE007E3533 /* Request.swift */; };
		7BA665FE25C6E312007E3533 /* RequestTests.swift in Sources */ = {isa = PBXBuildFile; fileRef = 7BA665FD25C6E312007E3533 /* RequestTests.swift */; };
		7BA6660425C6E333007E3533 /* RequestQueue.swift in Sources */ = {isa = PBXBuildFile; fileRef = 7BA6660325C6E333007E3533 /* RequestQueue.swift */; };
/* End PBXBuildFile section */

/* Begin PBXContainerItemProxy section */
		7BA665D825C6D9D2007E3533 /* PBXContainerItemProxy */ = {
			isa = PBXContainerItemProxy;
			containerPortal = 7BA665B925C6D9D1007E3533 /* Project object */;
			proxyType = 1;
			remoteGlobalIDString = 7BA665C025C6D9D1007E3533;
			remoteInfo = Compound;
		};
/* End PBXContainerItemProxy section */

/* Begin PBXFileReference section */
		0199F96E25E383E5007BBA91 /* NetworkTests.swift */ = {isa = PBXFileReference; lastKnownFileType = sourcecode.swift; path = NetworkTests.swift; sourceTree = "<group>"; };
		7B2B091B25C8E49400B01C31 /* Requests.swift */ = {isa = PBXFileReference; lastKnownFileType = sourcecode.swift; path = Requests.swift; sourceTree = "<group>"; };
		7B2B091F25C8E92700B01C31 /* RequestsTests.swift */ = {isa = PBXFileReference; lastKnownFileType = sourcecode.swift; path = RequestsTests.swift; sourceTree = "<group>"; };
		7B4C790225D6A74A0078D01C /* Network.swift */ = {isa = PBXFileReference; lastKnownFileType = sourcecode.swift; path = Network.swift; sourceTree = "<group>"; };
		7B4C790625D6A7D10078D01C /* NetworkQueue.swift */ = {isa = PBXFileReference; lastKnownFileType = sourcecode.swift; path = NetworkQueue.swift; sourceTree = "<group>"; };
		7BA665C125C6D9D1007E3533 /* Compound.app */ = {isa = PBXFileReference; explicitFileType = wrapper.application; includeInIndex = 0; path = Compound.app; sourceTree = BUILT_PRODUCTS_DIR; };
		7BA665C425C6D9D1007E3533 /* AppDelegate.swift */ = {isa = PBXFileReference; lastKnownFileType = sourcecode.swift; path = AppDelegate.swift; sourceTree = "<group>"; };
		7BA665C625C6D9D1007E3533 /* SceneDelegate.swift */ = {isa = PBXFileReference; lastKnownFileType = sourcecode.swift; path = SceneDelegate.swift; sourceTree = "<group>"; };
		7BA665C825C6D9D1007E3533 /* ViewController.swift */ = {isa = PBXFileReference; lastKnownFileType = sourcecode.swift; path = ViewController.swift; sourceTree = "<group>"; };
		7BA665CB25C6D9D1007E3533 /* Base */ = {isa = PBXFileReference; lastKnownFileType = file.storyboard; name = Base; path = Base.lproj/Main.storyboard; sourceTree = "<group>"; };
		7BA665CD25C6D9D1007E3533 /* Assets.xcassets */ = {isa = PBXFileReference; lastKnownFileType = folder.assetcatalog; path = Assets.xcassets; sourceTree = "<group>"; };
		7BA665D025C6D9D1007E3533 /* Base */ = {isa = PBXFileReference; lastKnownFileType = file.storyboard; name = Base; path = Base.lproj/LaunchScreen.storyboard; sourceTree = "<group>"; };
		7BA665D225C6D9D1007E3533 /* Info.plist */ = {isa = PBXFileReference; lastKnownFileType = text.plist.xml; path = Info.plist; sourceTree = "<group>"; };
		7BA665D725C6D9D2007E3533 /* CompoundTests.xctest */ = {isa = PBXFileReference; explicitFileType = wrapper.cfbundle; includeInIndex = 0; path = CompoundTests.xctest; sourceTree = BUILT_PRODUCTS_DIR; };
		7BA665DD25C6D9D2007E3533 /* Info.plist */ = {isa = PBXFileReference; lastKnownFileType = text.plist.xml; path = Info.plist; sourceTree = "<group>"; };
		7BA665F925C6DBFE007E3533 /* Request.swift */ = {isa = PBXFileReference; lastKnownFileType = sourcecode.swift; path = Request.swift; sourceTree = "<group>"; };
		7BA665FD25C6E312007E3533 /* RequestTests.swift */ = {isa = PBXFileReference; lastKnownFileType = sourcecode.swift; path = RequestTests.swift; sourceTree = "<group>"; };
		7BA6660325C6E333007E3533 /* RequestQueue.swift */ = {isa = PBXFileReference; lastKnownFileType = sourcecode.swift; path = RequestQueue.swift; sourceTree = "<group>"; };
/* End PBXFileReference section */

/* Begin PBXFrameworksBuildPhase section */
		7BA665BE25C6D9D1007E3533 /* Frameworks */ = {
			isa = PBXFrameworksBuildPhase;
			buildActionMask = 2147483647;
			files = (
			);
			runOnlyForDeploymentPostprocessing = 0;
		};
		7BA665D425C6D9D2007E3533 /* Frameworks */ = {
			isa = PBXFrameworksBuildPhase;
			buildActionMask = 2147483647;
			files = (
			);
			runOnlyForDeploymentPostprocessing = 0;
		};
/* End PBXFrameworksBuildPhase section */

/* Begin PBXGroup section */
		7B3A938925C6F4FC00BD0891 /* Request */ = {
			isa = PBXGroup;
			children = (
				7BA665F925C6DBFE007E3533 /* Request.swift */,
				7B2B091B25C8E49400B01C31 /* Requests.swift */,
				7BA6660325C6E333007E3533 /* RequestQueue.swift */,
				7B4C790225D6A74A0078D01C /* Network.swift */,
				7B4C790625D6A7D10078D01C /* NetworkQueue.swift */,
			);
			path = Request;
			sourceTree = "<group>";
		};
		7BA665B825C6D9D1007E3533 = {
			isa = PBXGroup;
			children = (
				7BA665C325C6D9D1007E3533 /* Compound */,
				7BA665DA25C6D9D2007E3533 /* CompoundTests */,
				7BA665C225C6D9D1007E3533 /* Products */,
			);
			sourceTree = "<group>";
		};
		7BA665C225C6D9D1007E3533 /* Products */ = {
			isa = PBXGroup;
			children = (
				7BA665C125C6D9D1007E3533 /* Compound.app */,
				7BA665D725C6D9D2007E3533 /* CompoundTests.xctest */,
			);
			name = Products;
			sourceTree = "<group>";
		};
		7BA665C325C6D9D1007E3533 /* Compound */ = {
			isa = PBXGroup;
			children = (
				7B3A938925C6F4FC00BD0891 /* Request */,
				7BA665C425C6D9D1007E3533 /* AppDelegate.swift */,
				7BA665C625C6D9D1007E3533 /* SceneDelegate.swift */,
				7BA665C825C6D9D1007E3533 /* ViewController.swift */,
				7BA665CA25C6D9D1007E3533 /* Main.storyboard */,
				7BA665CD25C6D9D1007E3533 /* Assets.xcassets */,
				7BA665CF25C6D9D1007E3533 /* LaunchScreen.storyboard */,
				7BA665D225C6D9D1007E3533 /* Info.plist */,
			);
			path = Compound;
			sourceTree = "<group>";
		};
		7BA665DA25C6D9D2007E3533 /* CompoundTests */ = {
			isa = PBXGroup;
			children = (
				7BA665DD25C6D9D2007E3533 /* Info.plist */,
				7BA665FD25C6E312007E3533 /* RequestTests.swift */,
				7B2B091F25C8E92700B01C31 /* RequestsTests.swift */,
				0199F96E25E383E5007BBA91 /* NetworkTests.swift */,
			);
			path = CompoundTests;
			sourceTree = "<group>";
		};
/* End PBXGroup section */

/* Begin PBXNativeTarget section */
		7BA665C025C6D9D1007E3533 /* Compound */ = {
			isa = PBXNativeTarget;
			buildConfigurationList = 7BA665EB25C6D9D2007E3533 /* Build configuration list for PBXNativeTarget "Compound" */;
			buildPhases = (
				7BA665BD25C6D9D1007E3533 /* Sources */,
				7BA665BE25C6D9D1007E3533 /* Frameworks */,
				7BA665BF25C6D9D1007E3533 /* Resources */,
			);
			buildRules = (
			);
			dependencies = (
			);
			name = Compound;
			productName = Compound;
			productReference = 7BA665C125C6D9D1007E3533 /* Compound.app */;
			productType = "com.apple.product-type.application";
		};
		7BA665D625C6D9D2007E3533 /* CompoundTests */ = {
			isa = PBXNativeTarget;
			buildConfigurationList = 7BA665EE25C6D9D2007E3533 /* Build configuration list for PBXNativeTarget "CompoundTests" */;
			buildPhases = (
				7BA665D325C6D9D2007E3533 /* Sources */,
				7BA665D425C6D9D2007E3533 /* Frameworks */,
				7BA665D525C6D9D2007E3533 /* Resources */,
			);
			buildRules = (
			);
			dependencies = (
				7BA665D925C6D9D2007E3533 /* PBXTargetDependency */,
			);
			name = CompoundTests;
			productName = CompoundTests;
			productReference = 7BA665D725C6D9D2007E3533 /* CompoundTests.xctest */;
			productType = "com.apple.product-type.bundle.unit-test";
		};
/* End PBXNativeTarget section */

/* Begin PBXProject section */
		7BA665B925C6D9D1007E3533 /* Project object */ = {
			isa = PBXProject;
			attributes = {
				LastSwiftUpdateCheck = 1240;
				LastUpgradeCheck = 1240;
				TargetAttributes = {
					7BA665C025C6D9D1007E3533 = {
						CreatedOnToolsVersion = 12.4;
					};
					7BA665D625C6D9D2007E3533 = {
						CreatedOnToolsVersion = 12.4;
						TestTargetID = 7BA665C025C6D9D1007E3533;
					};
				};
			};
			buildConfigurationList = 7BA665BC25C6D9D1007E3533 /* Build configuration list for PBXProject "Compound" */;
			compatibilityVersion = "Xcode 9.3";
			developmentRegion = en;
			hasScannedForEncodings = 0;
			knownRegions = (
				en,
				Base,
			);
			mainGroup = 7BA665B825C6D9D1007E3533;
			productRefGroup = 7BA665C225C6D9D1007E3533 /* Products */;
			projectDirPath = "";
			projectRoot = "";
			targets = (
				7BA665C025C6D9D1007E3533 /* Compound */,
				7BA665D625C6D9D2007E3533 /* CompoundTests */,
			);
		};
/* End PBXProject section */

/* Begin PBXResourcesBuildPhase section */
		7BA665BF25C6D9D1007E3533 /* Resources */ = {
			isa = PBXResourcesBuildPhase;
			buildActionMask = 2147483647;
			files = (
				7BA665D125C6D9D1007E3533 /* LaunchScreen.storyboard in Resources */,
				7BA665CE25C6D9D1007E3533 /* Assets.xcassets in Resources */,
				7BA665CC25C6D9D1007E3533 /* Main.storyboard in Resources */,
			);
			runOnlyForDeploymentPostprocessing = 0;
		};
		7BA665D525C6D9D2007E3533 /* Resources */ = {
			isa = PBXResourcesBuildPhase;
			buildActionMask = 2147483647;
			files = (
			);
			runOnlyForDeploymentPostprocessing = 0;
		};
/* End PBXResourcesBuildPhase section */

/* Begin PBXSourcesBuildPhase section */
		7BA665BD25C6D9D1007E3533 /* Sources */ = {
			isa = PBXSourcesBuildPhase;
			buildActionMask = 2147483647;
			files = (
				7BA665C925C6D9D1007E3533 /* ViewController.swift in Sources */,
				7BA665FA25C6DBFE007E3533 /* Request.swift in Sources */,
				7BA6660425C6E333007E3533 /* RequestQueue.swift in Sources */,
				7B2B091C25C8E49400B01C31 /* Requests.swift in Sources */,
				7B4C790725D6A7D10078D01C /* NetworkQueue.swift in Sources */,
				7BA665C525C6D9D1007E3533 /* AppDelegate.swift in Sources */,
				7B4C790325D6A74A0078D01C /* Network.swift in Sources */,
				7BA665C725C6D9D1007E3533 /* SceneDelegate.swift in Sources */,
			);
			runOnlyForDeploymentPostprocessing = 0;
		};
		7BA665D325C6D9D2007E3533 /* Sources */ = {
			isa = PBXSourcesBuildPhase;
			buildActionMask = 2147483647;
			files = (
				0199F96F25E383E5007BBA91 /* NetworkTests.swift in Sources */,
				7BA665FE25C6E312007E3533 /* RequestTests.swift in Sources */,
				7B2B092025C8E92700B01C31 /* RequestsTests.swift in Sources */,
			);
			runOnlyForDeploymentPostprocessing = 0;
		};
/* End PBXSourcesBuildPhase section */

/* Begin PBXTargetDependency section */
		7BA665D925C6D9D2007E3533 /* PBXTargetDependency */ = {
			isa = PBXTargetDependency;
			target = 7BA665C025C6D9D1007E3533 /* Compound */;
			targetProxy = 7BA665D825C6D9D2007E3533 /* PBXContainerItemProxy */;
		};
/* End PBXTargetDependency section */

/* Begin PBXVariantGroup section */
		7BA665CA25C6D9D1007E3533 /* Main.storyboard */ = {
			isa = PBXVariantGroup;
			children = (
				7BA665CB25C6D9D1007E3533 /* Base */,
			);
			name = Main.storyboard;
			sourceTree = "<group>";
		};
		7BA665CF25C6D9D1007E3533 /* LaunchScreen.storyboard */ = {
			isa = PBXVariantGroup;
			children = (
				7BA665D025C6D9D1007E3533 /* Base */,
			);
			name = LaunchScreen.storyboard;
			sourceTree = "<group>";
		};
/* End PBXVariantGroup section */

/* Begin XCBuildConfiguration section */
		7BA665E925C6D9D2007E3533 /* Debug */ = {
			isa = XCBuildConfiguration;
			buildSettings = {
				ALWAYS_SEARCH_USER_PATHS = NO;
				CLANG_ANALYZER_NONNULL = YES;
				CLANG_ANALYZER_NUMBER_OBJECT_CONVERSION = YES_AGGRESSIVE;
				CLANG_CXX_LANGUAGE_STANDARD = "gnu++14";
				CLANG_CXX_LIBRARY = "libc++";
				CLANG_ENABLE_MODULES = YES;
				CLANG_ENABLE_OBJC_ARC = YES;
				CLANG_ENABLE_OBJC_WEAK = YES;
				CLANG_WARN_BLOCK_CAPTURE_AUTORELEASING = YES;
				CLANG_WARN_BOOL_CONVERSION = YES;
				CLANG_WARN_COMMA = YES;
				CLANG_WARN_CONSTANT_CONVERSION = YES;
				CLANG_WARN_DEPRECATED_OBJC_IMPLEMENTATIONS = YES;
				CLANG_WARN_DIRECT_OBJC_ISA_USAGE = YES_ERROR;
				CLANG_WARN_DOCUMENTATION_COMMENTS = YES;
				CLANG_WARN_EMPTY_BODY = YES;
				CLANG_WARN_ENUM_CONVERSION = YES;
				CLANG_WARN_INFINITE_RECURSION = YES;
				CLANG_WARN_INT_CONVERSION = YES;
				CLANG_WARN_NON_LITERAL_NULL_CONVERSION = YES;
				CLANG_WARN_OBJC_IMPLICIT_RETAIN_SELF = YES;
				CLANG_WARN_OBJC_LITERAL_CONVERSION = YES;
				CLANG_WARN_OBJC_ROOT_CLASS = YES_ERROR;
				CLANG_WARN_QUOTED_INCLUDE_IN_FRAMEWORK_HEADER = YES;
				CLANG_WARN_RANGE_LOOP_ANALYSIS = YES;
				CLANG_WARN_STRICT_PROTOTYPES = YES;
				CLANG_WARN_SUSPICIOUS_MOVE = YES;
				CLANG_WARN_UNGUARDED_AVAILABILITY = YES_AGGRESSIVE;
				CLANG_WARN_UNREACHABLE_CODE = YES;
				CLANG_WARN__DUPLICATE_METHOD_MATCH = YES;
				COPY_PHASE_STRIP = NO;
				DEBUG_INFORMATION_FORMAT = dwarf;
				ENABLE_STRICT_OBJC_MSGSEND = YES;
				ENABLE_TESTABILITY = YES;
				GCC_C_LANGUAGE_STANDARD = gnu11;
				GCC_DYNAMIC_NO_PIC = NO;
				GCC_NO_COMMON_BLOCKS = YES;
				GCC_OPTIMIZATION_LEVEL = 0;
				GCC_PREPROCESSOR_DEFINITIONS = (
					"DEBUG=1",
					"$(inherited)",
				);
				GCC_WARN_64_TO_32_BIT_CONVERSION = YES;
				GCC_WARN_ABOUT_RETURN_TYPE = YES_ERROR;
				GCC_WARN_UNDECLARED_SELECTOR = YES;
				GCC_WARN_UNINITIALIZED_AUTOS = YES_AGGRESSIVE;
				GCC_WARN_UNUSED_FUNCTION = YES;
				GCC_WARN_UNUSED_VARIABLE = YES;
				IPHONEOS_DEPLOYMENT_TARGET = 14.4;
				MTL_ENABLE_DEBUG_INFO = INCLUDE_SOURCE;
				MTL_FAST_MATH = YES;
				ONLY_ACTIVE_ARCH = YES;
				SDKROOT = iphoneos;
				SWIFT_ACTIVE_COMPILATION_CONDITIONS = DEBUG;
				SWIFT_OPTIMIZATION_LEVEL = "-Onone";
			};
			name = Debug;
		};
		7BA665EA25C6D9D2007E3533 /* Release */ = {
			isa = XCBuildConfiguration;
			buildSettings = {
				ALWAYS_SEARCH_USER_PATHS = NO;
				CLANG_ANALYZER_NONNULL = YES;
				CLANG_ANALYZER_NUMBER_OBJECT_CONVERSION = YES_AGGRESSIVE;
				CLANG_CXX_LANGUAGE_STANDARD = "gnu++14";
				CLANG_CXX_LIBRARY = "libc++";
				CLANG_ENABLE_MODULES = YES;
				CLANG_ENABLE_OBJC_ARC = YES;
				CLANG_ENABLE_OBJC_WEAK = YES;
				CLANG_WARN_BLOCK_CAPTURE_AUTORELEASING = YES;
				CLANG_WARN_BOOL_CONVERSION = YES;
				CLANG_WARN_COMMA = YES;
				CLANG_WARN_CONSTANT_CONVERSION = YES;
				CLANG_WARN_DEPRECATED_OBJC_IMPLEMENTATIONS = YES;
				CLANG_WARN_DIRECT_OBJC_ISA_USAGE = YES_ERROR;
				CLANG_WARN_DOCUMENTATION_COMMENTS = YES;
				CLANG_WARN_EMPTY_BODY = YES;
				CLANG_WARN_ENUM_CONVERSION = YES;
				CLANG_WARN_INFINITE_RECURSION = YES;
				CLANG_WARN_INT_CONVERSION = YES;
				CLANG_WARN_NON_LITERAL_NULL_CONVERSION = YES;
				CLANG_WARN_OBJC_IMPLICIT_RETAIN_SELF = YES;
				CLANG_WARN_OBJC_LITERAL_CONVERSION = YES;
				CLANG_WARN_OBJC_ROOT_CLASS = YES_ERROR;
				CLANG_WARN_QUOTED_INCLUDE_IN_FRAMEWORK_HEADER = YES;
				CLANG_WARN_RANGE_LOOP_ANALYSIS = YES;
				CLANG_WARN_STRICT_PROTOTYPES = YES;
				CLANG_WARN_SUSPICIOUS_MOVE = YES;
				CLANG_WARN_UNGUARDED_AVAILABILITY = YES_AGGRESSIVE;
				CLANG_WARN_UNREACHABLE_CODE = YES;
				CLANG_WARN__DUPLICATE_METHOD_MATCH = YES;
				COPY_PHASE_STRIP = NO;
				DEBUG_INFORMATION_FORMAT = "dwarf-with-dsym";
				ENABLE_NS_ASSERTIONS = NO;
				ENABLE_STRICT_OBJC_MSGSEND = YES;
				GCC_C_LANGUAGE_STANDARD = gnu11;
				GCC_NO_COMMON_BLOCKS = YES;
				GCC_WARN_64_TO_32_BIT_CONVERSION = YES;
				GCC_WARN_ABOUT_RETURN_TYPE = YES_ERROR;
				GCC_WARN_UNDECLARED_SELECTOR = YES;
				GCC_WARN_UNINITIALIZED_AUTOS = YES_AGGRESSIVE;
				GCC_WARN_UNUSED_FUNCTION = YES;
				GCC_WARN_UNUSED_VARIABLE = YES;
				IPHONEOS_DEPLOYMENT_TARGET = 14.4;
				MTL_ENABLE_DEBUG_INFO = NO;
				MTL_FAST_MATH = YES;
				SDKROOT = iphoneos;
				SWIFT_COMPILATION_MODE = wholemodule;
				SWIFT_OPTIMIZATION_LEVEL = "-O";
				VALIDATE_PRODUCT = YES;
			};
			name = Release;
		};
		7BA665EC25C6D9D2007E3533 /* Debug */ = {
			isa = XCBuildConfiguration;
			buildSettings = {
				ASSETCATALOG_COMPILER_APPICON_NAME = AppIcon;
				ASSETCATALOG_COMPILER_GLOBAL_ACCENT_COLOR_NAME = AccentColor;
				CODE_SIGN_STYLE = Automatic;
				INFOPLIST_FILE = Compound/Info.plist;
				IPHONEOS_DEPLOYMENT_TARGET = 14.0;
				LD_RUNPATH_SEARCH_PATHS = (
					"$(inherited)",
					"@executable_path/Frameworks",
				);
				PRODUCT_BUNDLE_IDENTIFIER = com.odov.Compound;
				PRODUCT_NAME = "$(TARGET_NAME)";
				SWIFT_VERSION = 5.0;
				TARGETED_DEVICE_FAMILY = 1;
			};
			name = Debug;
		};
		7BA665ED25C6D9D2007E3533 /* Release */ = {
			isa = XCBuildConfiguration;
			buildSettings = {
				ASSETCATALOG_COMPILER_APPICON_NAME = AppIcon;
				ASSETCATALOG_COMPILER_GLOBAL_ACCENT_COLOR_NAME = AccentColor;
				CODE_SIGN_STYLE = Automatic;
				INFOPLIST_FILE = Compound/Info.plist;
				IPHONEOS_DEPLOYMENT_TARGET = 14.0;
				LD_RUNPATH_SEARCH_PATHS = (
					"$(inherited)",
					"@executable_path/Frameworks",
				);
				PRODUCT_BUNDLE_IDENTIFIER = com.odov.Compound;
				PRODUCT_NAME = "$(TARGET_NAME)";
				SWIFT_VERSION = 5.0;
				TARGETED_DEVICE_FAMILY = 1;
			};
			name = Release;
		};
		7BA665EF25C6D9D2007E3533 /* Debug */ = {
			isa = XCBuildConfiguration;
			buildSettings = {
				ALWAYS_EMBED_SWIFT_STANDARD_LIBRARIES = YES;
				BUNDLE_LOADER = "$(TEST_HOST)";
				CODE_SIGN_STYLE = Automatic;
				INFOPLIST_FILE = CompoundTests/Info.plist;
				IPHONEOS_DEPLOYMENT_TARGET = 14.0;
				LD_RUNPATH_SEARCH_PATHS = (
					"$(inherited)",
					"@executable_path/Frameworks",
					"@loader_path/Frameworks",
				);
				PRODUCT_BUNDLE_IDENTIFIER = com.odov.CompoundTests;
				PRODUCT_NAME = "$(TARGET_NAME)";
				SWIFT_VERSION = 5.0;
				TARGETED_DEVICE_FAMILY = "1,2";
				TEST_HOST = "$(BUILT_PRODUCTS_DIR)/Compound.app/Compound";
			};
			name = Debug;
		};
		7BA665F025C6D9D2007E3533 /* Release */ = {
			isa = XCBuildConfiguration;
			buildSettings = {
				ALWAYS_EMBED_SWIFT_STANDARD_LIBRARIES = YES;
				BUNDLE_LOADER = "$(TEST_HOST)";
				CODE_SIGN_STYLE = Automatic;
				INFOPLIST_FILE = CompoundTests/Info.plist;
				IPHONEOS_DEPLOYMENT_TARGET = 14.0;
				LD_RUNPATH_SEARCH_PATHS = (
					"$(inherited)",
					"@executable_path/Frameworks",
					"@loader_path/Frameworks",
				);
				PRODUCT_BUNDLE_IDENTIFIER = com.odov.CompoundTests;
				PRODUCT_NAME = "$(TARGET_NAME)";
				SWIFT_VERSION = 5.0;
				TARGETED_DEVICE_FAMILY = "1,2";
				TEST_HOST = "$(BUILT_PRODUCTS_DIR)/Compound.app/Compound";
			};
			name = Release;
		};
/* End XCBuildConfiguration section */

/* Begin XCConfigurationList section */
		7BA665BC25C6D9D1007E3533 /* Build configuration list for PBXProject "Compound" */ = {
			isa = XCConfigurationList;
			buildConfigurations = (
				7BA665E925C6D9D2007E3533 /* Debug */,
				7BA665EA25C6D9D2007E3533 /* Release */,
			);
			defaultConfigurationIsVisible = 0;
			defaultConfigurationName = Release;
		};
		7BA665EB25C6D9D2007E3533 /* Build configuration list for PBXNativeTarget "Compound" */ = {
			isa = XCConfigurationList;
			buildConfigurations = (
				7BA665EC25C6D9D2007E3533 /* Debug */,
				7BA665ED25C6D9D2007E3533 /* Release */,
			);
			defaultConfigurationIsVisible = 0;
			defaultConfigurationName = Release;
		};
		7BA665EE25C6D9D2007E3533 /* Build configuration list for PBXNativeTarget "CompoundTests" */ = {
			isa = XCConfigurationList;
			buildConfigurations = (
				7BA665EF25C6D9D2007E3533 /* Debug */,
				7BA665F025C6D9D2007E3533 /* Release */,
			);
			defaultConfigurationIsVisible = 0;
			defaultConfigurationName = Release;
		};
/* End XCConfigurationList section */
	};
	rootObject = 7BA665B925C6D9D1007E3533 /* Project object */;
}
